PODS:
  - Flutter (1.0.0)
  - flutter_secure_storage (6.0.0):
    - Flutter
  - fluttertoast (0.0.2):
    - Flutter
    - Toast
  - path_provider_foundation (0.0.1):
    - Flutter
    - FlutterMacOS
  - shared_preferences_foundation (0.0.1):
    - Flutter
    - FlutterMacOS
  - Stripe (23.6.0):
    - StripeApplePay (= 23.6.0)
    - StripeCore (= 23.6.0)
    - StripePayments (= 23.6.0)
    - StripePaymentsUI (= 23.6.0)
    - StripeUICore (= 23.6.0)
  - stripe_ios (0.0.1):
    - Flutter
    - Stripe (= 23.6.0)
    - StripeApplePay (= 23.6.0)
    - StripeFinancialConnections (= 23.6.0)
    - StripePayments (= 23.6.0)
    - StripePaymentSheet (= 23.6.0)
    - StripePaymentsUI (= 23.6.0)
  - StripeApplePay (23.6.0):
    - StripeCore (= 23.6.0)
  - StripeCore (23.6.0)
  - StripeFinancialConnections (23.6.0):
    - StripeCore (= 23.6.0)
    - StripeUICore (= 23.6.0)
  - StripePayments (23.6.0):
    - StripeCore (= 23.6.0)
    - StripePayments/Stripe3DS2 (= 23.6.0)
  - StripePayments/Stripe3DS2 (23.6.0):
    - StripeCore (= 23.6.0)
  - StripePaymentSheet (23.6.0):
    - StripeApplePay (= 23.6.0)
    - StripeCore (= 23.6.0)
    - StripePayments (= 23.6.0)
    - StripePaymentsUI (= 23.6.0)
  - StripePaymentsUI (23.6.0):
    - StripeCore (= 23.6.0)
    - StripePayments (= 23.6.0)
    - StripeUICore (= 23.6.0)
  - StripeUICore (23.6.0):
    - StripeCore (= 23.6.0)
  - Toast (4.0.0)

DEPENDENCIES:
  - Flutter (from `Flutter`)
  - flutter_secure_storage (from `.symlinks/plugins/flutter_secure_storage/ios`)
  - fluttertoast (from `.symlinks/plugins/fluttertoast/ios`)
  - path_provider_foundation (from `.symlinks/plugins/path_provider_foundation/ios`)
  - shared_preferences_foundation (from `.symlinks/plugins/shared_preferences_foundation/ios`)
  - stripe_ios (from `.symlinks/plugins/stripe_ios/ios`)

SPEC REPOS:
  trunk:
    - Stripe
    - StripeApplePay
    - StripeCore
    - StripeFinancialConnections
    - StripePayments
    - StripePaymentSheet
    - StripePaymentsUI
    - StripeUICore
    - Toast

EXTERNAL SOURCES:
  Flutter:
    :path: Flutter
  flutter_secure_storage:
    :path: ".symlinks/plugins/flutter_secure_storage/ios"
  fluttertoast:
    :path: ".symlinks/plugins/fluttertoast/ios"
  path_provider_foundation:
    :path: ".symlinks/plugins/path_provider_foundation/ios"
  shared_preferences_foundation:
    :path: ".symlinks/plugins/shared_preferences_foundation/ios"
  stripe_ios:
    :path: ".symlinks/plugins/stripe_ios/ios"

SPEC CHECKSUMS:
  Flutter: f04841e97a9d0b0a8025694d0796dd46242b2854
  flutter_secure_storage: 23fc622d89d073675f2eaa109381aefbcf5a49be
  fluttertoast: eb263d302cc92e04176c053d2385237e9f43fad0
  path_provider_foundation: eaf5b3e458fc0e5fbb9940fb09980e853fe058b8
  shared_preferences_foundation: e2dae3258e06f44cc55f49d42024fd8dd03c590c
  Stripe: 097f76ce332ff7dcb8a29ec2a8379bb4f34aa14d
  stripe_ios: dfb96f1e36a0feb24596e280dfdc33d4106e9e77
  StripeApplePay: 484761d4760ddb8af8c1510b8735cd9aee94515f
  StripeCore: 0e83ad26d508e5a8e9eb04d6ddd3cbb08a3f7816
  StripeFinancialConnections: eb303783458a7e5bd4380cbbf0a6cf44246473f4
  StripePayments: cdd5222052d541f4daf1d84515f0b9cd18720534
  StripePaymentSheet: 835aabcac7946d6b6b341055d021428b96894b70
  StripePaymentsUI: 835b9422f86ceb2ca02b4146db9d3f7bf1acb0d9
  StripeUICore: 81bac0f54df659ab7c5dd4f5a57719a5fecdcdc9
  Toast: 91b396c56ee72a5790816f40d3a94dd357abc196

PODFILE CHECKSUM: 220e686da8c5dd466a53ca1ca643636ce6969c26

COCOAPODS: 1.11.3
